
Microsoft Visual Studio Solution File, Format Version 12.00
# Visual Studio 2013
VisualStudioVersion = 12.0.30723.0
MinimumVisualStudioVersion = 10.0.40219.1
Project("{FAE04EC0-301F-11D3-BF4B-00C04F79EFBC}") = "BrightstarNotes", "BrightstarNotes\BrightstarNotes\BrightstarNotes.csproj", "{D5CD2F9C-6E41-43C3-8795-38AEA8CA5295}"
EndProject
Project("{FAE04EC0-301F-11D3-BF4B-00C04F79EFBC}") = "BrightstarNotes.iOS", "BrightstarNotes\BrightstarNotes.iOS\BrightstarNotes.iOS.csproj", "{47ECEF5B-6B20-45D5-9F9F-135FC1580820}"
EndProject
Project("{FAE04EC0-301F-11D3-BF4B-00C04F79EFBC}") = "BrightstarNotes.Droid", "BrightstarNotes\BrightstarNotes.Droid\BrightstarNotes.Droid.csproj", "{FF198765-E755-445C-BC0E-9044D3F1C74F}"
EndProject
Project("{FAE04EC0-301F-11D3-BF4B-00C04F79EFBC}") = "BrightstarNotes.WinPhone", "BrightstarNotes\BrightstarNotes.WinPhone\BrightstarNotes.WinPhone.csproj", "{7FAD6552-86B3-4FB8-966B-2769AD088A64}"
EndProject
Global
	GlobalSection(SolutionConfigurationPlatforms) = preSolution
		Ad-Hoc|Any CPU = Ad-Hoc|Any CPU
		Ad-Hoc|ARM = Ad-Hoc|ARM
		Ad-Hoc|iPhone = Ad-Hoc|iPhone
		Ad-Hoc|iPhoneSimulator = Ad-Hoc|iPhoneSimulator
		Ad-Hoc|Mixed Platforms = Ad-Hoc|Mixed Platforms
		Ad-Hoc|x86 = Ad-Hoc|x86
		AppStore|Any CPU = AppStore|Any CPU
		AppStore|ARM = AppStore|ARM
		AppStore|iPhone = AppStore|iPhone
		AppStore|iPhoneSimulator = AppStore|iPhoneSimulator
		AppStore|Mixed Platforms = AppStore|Mixed Platforms
		AppStore|x86 = AppStore|x86
		Debug|Any CPU = Debug|Any CPU
		Debug|ARM = Debug|ARM
		Debug|iPhone = Debug|iPhone
		Debug|iPhoneSimulator = Debug|iPhoneSimulator
		Debug|Mixed Platforms = Debug|Mixed Platforms
		Debug|x86 = Debug|x86
		Release|Any CPU = Release|Any CPU
		Release|ARM = Release|ARM
		Release|iPhone = Release|iPhone
		Release|iPhoneSimulator = Release|iPhoneSimulator
		Release|Mixed Platforms = Release|Mixed Platforms
		Release|x86 = Release|x86
	EndGlobalSection
	GlobalSection(ProjectConfigurationPlatforms) = postSolution
		{D5CD2F9C-6E41-43C3-8795-38AEA8CA5295}.Ad-Hoc|Any CPU.ActiveCfg = Release|Any CPU
		{D5CD2F9C-6E41-43C3-8795-38AEA8CA5295}.Ad-Hoc|Any CPU.Build.0 = Release|Any CPU
		{D5CD2F9C-6E41-43C3-8795-38AEA8CA5295}.Ad-Hoc|ARM.ActiveCfg = Release|Any CPU
		{D5CD2F9C-6E41-43C3-8795-38AEA8CA5295}.Ad-Hoc|iPhone.ActiveCfg = Release|Any CPU
		{D5CD2F9C-6E41-43C3-8795-38AEA8CA5295}.Ad-Hoc|iPhoneSimulator.ActiveCfg = Release|Any CPU
		{D5CD2F9C-6E41-43C3-8795-38AEA8CA5295}.Ad-Hoc|Mixed Platforms.ActiveCfg = Release|Any CPU
		{D5CD2F9C-6E41-43C3-8795-38AEA8CA5295}.Ad-Hoc|Mixed Platforms.Build.0 = Release|Any CPU
		{D5CD2F9C-6E41-43C3-8795-38AEA8CA5295}.Ad-Hoc|x86.ActiveCfg = Release|Any CPU
		{D5CD2F9C-6E41-43C3-8795-38AEA8CA5295}.AppStore|Any CPU.ActiveCfg = Release|Any CPU
		{D5CD2F9C-6E41-43C3-8795-38AEA8CA5295}.AppStore|Any CPU.Build.0 = Release|Any CPU
		{D5CD2F9C-6E41-43C3-8795-38AEA8CA5295}.AppStore|ARM.ActiveCfg = Release|Any CPU
		{D5CD2F9C-6E41-43C3-8795-38AEA8CA5295}.AppStore|iPhone.ActiveCfg = Release|Any CPU
		{D5CD2F9C-6E41-43C3-8795-38AEA8CA5295}.AppStore|iPhoneSimulator.ActiveCfg = Release|Any CPU
		{D5CD2F9C-6E41-43C3-8795-38AEA8CA5295}.AppStore|Mixed Platforms.ActiveCfg = Release|Any CPU
		{D5CD2F9C-6E41-43C3-8795-38AEA8CA5295}.AppStore|Mixed Platforms.Build.0 = Release|Any CPU
		{D5CD2F9C-6E41-43C3-8795-38AEA8CA5295}.AppStore|x86.ActiveCfg = Release|Any CPU
		{D5CD2F9C-6E41-43C3-8795-38AEA8CA5295}.Debug|Any CPU.ActiveCfg = Debug|Any CPU
		{D5CD2F9C-6E41-43C3-8795-38AEA8CA5295}.Debug|Any CPU.Build.0 = Debug|Any CPU
		{D5CD2F9C-6E41-43C3-8795-38AEA8CA5295}.Debug|ARM.ActiveCfg = Debug|Any CPU
		{D5CD2F9C-6E41-43C3-8795-38AEA8CA5295}.Debug|iPhone.ActiveCfg = Debug|Any CPU
		{D5CD2F9C-6E41-43C3-8795-38AEA8CA5295}.Debug|iPhoneSimulator.ActiveCfg = Debug|Any CPU
		{D5CD2F9C-6E41-43C3-8795-38AEA8CA5295}.Debug|Mixed Platforms.ActiveCfg = Debug|Any CPU
		{D5CD2F9C-6E41-43C3-8795-38AEA8CA5295}.Debug|Mixed Platforms.Build.0 = Debug|Any CPU
		{D5CD2F9C-6E41-43C3-8795-38AEA8CA5295}.Debug|x86.ActiveCfg = Debug|Any CPU
		{D5CD2F9C-6E41-43C3-8795-38AEA8CA5295}.Release|Any CPU.ActiveCfg = Release|Any CPU
		{D5CD2F9C-6E41-43C3-8795-38AEA8CA5295}.Release|Any CPU.Build.0 = Release|Any CPU
		{D5CD2F9C-6E41-43C3-8795-38AEA8CA5295}.Release|ARM.ActiveCfg = Release|Any CPU
		{D5CD2F9C-6E41-43C3-8795-38AEA8CA5295}.Release|iPhone.ActiveCfg = Release|Any CPU
		{D5CD2F9C-6E41-43C3-8795-38AEA8CA5295}.Release|iPhoneSimulator.ActiveCfg = Release|Any CPU
		{D5CD2F9C-6E41-43C3-8795-38AEA8CA5295}.Release|Mixed Platforms.ActiveCfg = Release|Any CPU
		{D5CD2F9C-6E41-43C3-8795-38AEA8CA5295}.Release|Mixed Platforms.Build.0 = Release|Any CPU
		{D5CD2F9C-6E41-43C3-8795-38AEA8CA5295}.Release|x86.ActiveCfg = Release|Any CPU
		{47ECEF5B-6B20-45D5-9F9F-135FC1580820}.Ad-Hoc|Any CPU.ActiveCfg = Ad-Hoc|iPhone
		{47ECEF5B-6B20-45D5-9F9F-135FC1580820}.Ad-Hoc|ARM.ActiveCfg = Ad-Hoc|iPhone
		{47ECEF5B-6B20-45D5-9F9F-135FC1580820}.Ad-Hoc|iPhone.ActiveCfg = Ad-Hoc|iPhone
		{47ECEF5B-6B20-45D5-9F9F-135FC1580820}.Ad-Hoc|iPhone.Build.0 = Ad-Hoc|iPhone
		{47ECEF5B-6B20-45D5-9F9F-135FC1580820}.Ad-Hoc|iPhoneSimulator.ActiveCfg = Ad-Hoc|iPhoneSimulator
		{47ECEF5B-6B20-45D5-9F9F-135FC1580820}.Ad-Hoc|iPhoneSimulator.Build.0 = Ad-Hoc|iPhoneSimulator
		{47ECEF5B-6B20-45D5-9F9F-135FC1580820}.Ad-Hoc|Mixed Platforms.ActiveCfg = Ad-Hoc|iPhone
		{47ECEF5B-6B20-45D5-9F9F-135FC1580820}.Ad-Hoc|Mixed Platforms.Build.0 = Ad-Hoc|iPhone
		{47ECEF5B-6B20-45D5-9F9F-135FC1580820}.Ad-Hoc|x86.ActiveCfg = Ad-Hoc|iPhone
		{47ECEF5B-6B20-45D5-9F9F-135FC1580820}.AppStore|Any CPU.ActiveCfg = AppStore|iPhone
		{47ECEF5B-6B20-45D5-9F9F-135FC1580820}.AppStore|ARM.ActiveCfg = AppStore|iPhone
		{47ECEF5B-6B20-45D5-9F9F-135FC1580820}.AppStore|iPhone.ActiveCfg = AppStore|iPhone
		{47ECEF5B-6B20-45D5-9F9F-135FC1580820}.AppStore|iPhone.Build.0 = AppStore|iPhone
		{47ECEF5B-6B20-45D5-9F9F-135FC1580820}.AppStore|iPhoneSimulator.ActiveCfg = AppStore|iPhoneSimulator
		{47ECEF5B-6B20-45D5-9F9F-135FC1580820}.AppStore|iPhoneSimulator.Build.0 = AppStore|iPhoneSimulator
		{47ECEF5B-6B20-45D5-9F9F-135FC1580820}.AppStore|Mixed Platforms.ActiveCfg = AppStore|iPhone
		{47ECEF5B-6B20-45D5-9F9F-135FC1580820}.AppStore|Mixed Platforms.Build.0 = AppStore|iPhone
		{47ECEF5B-6B20-45D5-9F9F-135FC1580820}.AppStore|x86.ActiveCfg = AppStore|iPhone
		{47ECEF5B-6B20-45D5-9F9F-135FC1580820}.Debug|Any CPU.ActiveCfg = Debug|iPhone
		{47ECEF5B-6B20-45D5-9F9F-135FC1580820}.Debug|ARM.ActiveCfg = Debug|iPhone
		{47ECEF5B-6B20-45D5-9F9F-135FC1580820}.Debug|iPhone.ActiveCfg = Debug|iPhone
		{47ECEF5B-6B20-45D5-9F9F-135FC1580820}.Debug|iPhone.Build.0 = Debug|iPhone
		{47ECEF5B-6B20-45D5-9F9F-135FC1580820}.Debug|iPhoneSimulator.ActiveCfg = Debug|iPhoneSimulator
		{47ECEF5B-6B20-45D5-9F9F-135FC1580820}.Debug|iPhoneSimulator.Build.0 = Debug|iPhoneSimulator
		{47ECEF5B-6B20-45D5-9F9F-135FC1580820}.Debug|Mixed Platforms.ActiveCfg = Debug|iPhone
		{47ECEF5B-6B20-45D5-9F9F-135FC1580820}.Debug|Mixed Platforms.Build.0 = Debug|iPhone
		{47ECEF5B-6B20-45D5-9F9F-135FC1580820}.Debug|x86.ActiveCfg = Debug|iPhone
		{47ECEF5B-6B20-45D5-9F9F-135FC1580820}.Release|Any CPU.ActiveCfg = Release|iPhone
		{47ECEF5B-6B20-45D5-9F9F-135FC1580820}.Release|ARM.ActiveCfg = Release|iPhone
		{47ECEF5B-6B20-45D5-9F9F-135FC1580820}.Release|iPhone.ActiveCfg = Release|iPhone
		{47ECEF5B-6B20-45D5-9F9F-135FC1580820}.Release|iPhone.Build.0 = Release|iPhone
		{47ECEF5B-6B20-45D5-9F9F-135FC1580820}.Release|iPhoneSimulator.ActiveCfg = Release|iPhoneSimulator
		{47ECEF5B-6B20-45D5-9F9F-135FC1580820}.Release|iPhoneSimulator.Build.0 = Release|iPhoneSimulator
		{47ECEF5B-6B20-45D5-9F9F-135FC1580820}.Release|Mixed Platforms.ActiveCfg = Release|iPhone
		{47ECEF5B-6B20-45D5-9F9F-135FC1580820}.Release|Mixed Platforms.Build.0 = Release|iPhone
		{47ECEF5B-6B20-45D5-9F9F-135FC1580820}.Release|x86.ActiveCfg = Release|iPhone
		{FF198765-E755-445C-BC0E-9044D3F1C74F}.Ad-Hoc|Any CPU.ActiveCfg = Release|Any CPU
		{FF198765-E755-445C-BC0E-9044D3F1C74F}.Ad-Hoc|Any CPU.Build.0 = Release|Any CPU
		{FF198765-E755-445C-BC0E-9044D3F1C74F}.Ad-Hoc|Any CPU.Deploy.0 = Release|Any CPU
		{FF198765-E755-445C-BC0E-9044D3F1C74F}.Ad-Hoc|ARM.ActiveCfg = Release|Any CPU
		{FF198765-E755-445C-BC0E-9044D3F1C74F}.Ad-Hoc|iPhone.ActiveCfg = Release|Any CPU
		{FF198765-E755-445C-BC0E-9044D3F1C74F}.Ad-Hoc|iPhoneSimulator.ActiveCfg = Release|Any CPU
		{FF198765-E755-445C-BC0E-9044D3F1C74F}.Ad-Hoc|Mixed Platforms.ActiveCfg = Release|Any CPU
		{FF198765-E755-445C-BC0E-9044D3F1C74F}.Ad-Hoc|Mixed Platforms.Build.0 = Release|Any CPU
		{FF198765-E755-445C-BC0E-9044D3F1C74F}.Ad-Hoc|Mixed Platforms.Deploy.0 = Release|Any CPU
		{FF198765-E755-445C-BC0E-9044D3F1C74F}.Ad-Hoc|x86.ActiveCfg = Release|Any CPU
		{FF198765-E755-445C-BC0E-9044D3F1C74F}.AppStore|Any CPU.ActiveCfg = Release|Any CPU
		{FF198765-E755-445C-BC0E-9044D3F1C74F}.AppStore|Any CPU.Build.0 = Release|Any CPU
		{FF198765-E755-445C-BC0E-9044D3F1C74F}.AppStore|Any CPU.Deploy.0 = Release|Any CPU
		{FF198765-E755-445C-BC0E-9044D3F1C74F}.AppStore|ARM.ActiveCfg = Release|Any CPU
		{FF198765-E755-445C-BC0E-9044D3F1C74F}.AppStore|iPhone.ActiveCfg = Release|Any CPU
		{FF198765-E755-445C-BC0E-9044D3F1C74F}.AppStore|iPhoneSimulator.ActiveCfg = Release|Any CPU
		{FF198765-E755-445C-BC0E-9044D3F1C74F}.AppStore|Mixed Platforms.ActiveCfg = Release|Any CPU
		{FF198765-E755-445C-BC0E-9044D3F1C74F}.AppStore|Mixed Platforms.Build.0 = Release|Any CPU
		{FF198765-E755-445C-BC0E-9044D3F1C74F}.AppStore|Mixed Platforms.Deploy.0 = Release|Any CPU
		{FF198765-E755-445C-BC0E-9044D3F1C74F}.AppStore|x86.ActiveCfg = Release|Any CPU
		{FF198765-E755-445C-BC0E-9044D3F1C74F}.Debug|Any CPU.ActiveCfg = Debug|Any CPU
		{FF198765-E755-445C-BC0E-9044D3F1C74F}.Debug|Any CPU.Build.0 = Debug|Any CPU
		{FF198765-E755-445C-BC0E-9044D3F1C74F}.Debug|Any CPU.Deploy.0 = Debug|Any CPU
		{FF198765-E755-445C-BC0E-9044D3F1C74F}.Debug|ARM.ActiveCfg = Debug|Any CPU
		{FF198765-E755-445C-BC0E-9044D3F1C74F}.Debug|iPhone.ActiveCfg = Debug|Any CPU
		{FF198765-E755-445C-BC0E-9044D3F1C74F}.Debug|iPhoneSimulator.ActiveCfg = Debug|Any CPU
		{FF198765-E755-445C-BC0E-9044D3F1C74F}.Debug|Mixed Platforms.ActiveCfg = Debug|Any CPU
		{FF198765-E755-445C-BC0E-9044D3F1C74F}.Debug|Mixed Platforms.Build.0 = Debug|Any CPU
		{FF198765-E755-445C-BC0E-9044D3F1C74F}.Debug|Mixed Platforms.Deploy.0 = Debug|Any CPU
		{FF198765-E755-445C-BC0E-9044D3F1C74F}.Debug|x86.ActiveCfg = Debug|Any CPU
		{FF198765-E755-445C-BC0E-9044D3F1C74F}.Release|Any CPU.ActiveCfg = Release|Any CPU
		{FF198765-E755-445C-BC0E-9044D3F1C74F}.Release|Any CPU.Build.0 = Release|Any CPU
		{FF198765-E755-445C-BC0E-9044D3F1C74F}.Release|Any CPU.Deploy.0 = Release|Any CPU
		{FF198765-E755-445C-BC0E-9044D3F1C74F}.Release|ARM.ActiveCfg = Release|Any CPU
		{FF198765-E755-445C-BC0E-9044D3F1C74F}.Release|iPhone.ActiveCfg = Release|Any CPU
		{FF198765-E755-445C-BC0E-9044D3F1C74F}.Release|iPhoneSimulator.ActiveCfg = Release|Any CPU
		{FF198765-E755-445C-BC0E-9044D3F1C74F}.Release|Mixed Platforms.ActiveCfg = Release|Any CPU
		{FF198765-E755-445C-BC0E-9044D3F1C74F}.Release|Mixed Platforms.Build.0 = Release|Any CPU
		{FF198765-E755-445C-BC0E-9044D3F1C74F}.Release|Mixed Platforms.Deploy.0 = Release|Any CPU
		{FF198765-E755-445C-BC0E-9044D3F1C74F}.Release|x86.ActiveCfg = Release|Any CPU
		{7FAD6552-86B3-4FB8-966B-2769AD088A64}.Ad-Hoc|Any CPU.ActiveCfg = Release|Any CPU
		{7FAD6552-86B3-4FB8-966B-2769AD088A64}.Ad-Hoc|Any CPU.Build.0 = Release|Any CPU
		{7FAD6552-86B3-4FB8-966B-2769AD088A64}.Ad-Hoc|Any CPU.Deploy.0 = Release|Any CPU
		{7FAD6552-86B3-4FB8-966B-2769AD088A64}.Ad-Hoc|ARM.ActiveCfg = Release|ARM
		{7FAD6552-86B3-4FB8-966B-2769AD088A64}.Ad-Hoc|ARM.Build.0 = Release|ARM
		{7FAD6552-86B3-4FB8-966B-2769AD088A64}.Ad-Hoc|ARM.Deploy.0 = Release|ARM
		{7FAD6552-86B3-4FB8-966B-2769AD088A64}.Ad-Hoc|iPhone.ActiveCfg = Release|Any CPU
		{7FAD6552-86B3-4FB8-966B-2769AD088A64}.Ad-Hoc|iPhoneSimulator.ActiveCfg = Release|Any CPU
		{7FAD6552-86B3-4FB8-966B-2769AD088A64}.Ad-Hoc|Mixed Platforms.ActiveCfg = Release|x86
		{7FAD6552-86B3-4FB8-966B-2769AD088A64}.Ad-Hoc|Mixed Platforms.Build.0 = Release|x86
		{7FAD6552-86B3-4FB8-966B-2769AD088A64}.Ad-Hoc|Mixed Platforms.Deploy.0 = Release|x86
		{7FAD6552-86B3-4FB8-966B-2769AD088A64}.Ad-Hoc|x86.ActiveCfg = Release|x86
		{7FAD6552-86B3-4FB8-966B-2769AD088A64}.Ad-Hoc|x86.Build.0 = Release|x86
		{7FAD6552-86B3-4FB8-966B-2769AD088A64}.Ad-Hoc|x86.Deploy.0 = Release|x86
		{7FAD6552-86B3-4FB8-966B-2769AD088A64}.AppStore|Any CPU.ActiveCfg = Release|Any CPU
		{7FAD6552-86B3-4FB8-966B-2769AD088A64}.AppStore|Any CPU.Build.0 = Release|Any CPU
		{7FAD6552-86B3-4FB8-966B-2769AD088A64}.AppStore|Any CPU.Deploy.0 = Release|Any CPU
		{7FAD6552-86B3-4FB8-966B-2769AD088A64}.AppStore|ARM.ActiveCfg = Release|ARM
		{7FAD6552-86B3-4FB8-966B-2769AD088A64}.AppStore|ARM.Build.0 = Release|ARM
		{7FAD6552-86B3-4FB8-966B-2769AD088A64}.AppStore|ARM.Deploy.0 = Release|ARM
		{7FAD6552-86B3-4FB8-966B-2769AD088A64}.AppStore|iPhone.ActiveCfg = Release|Any CPU
		{7FAD6552-86B3-4FB8-966B-2769AD088A64}.AppStore|iPhoneSimulator.ActiveCfg = Release|Any CPU
		{7FAD6552-86B3-4FB8-966B-2769AD088A64}.AppStore|Mixed Platforms.ActiveCfg = Release|x86
		{7FAD6552-86B3-4FB8-966B-2769AD088A64}.AppStore|Mixed Platforms.Build.0 = Release|x86
		{7FAD6552-86B3-4FB8-966B-2769AD088A64}.AppStore|Mixed Platforms.Deploy.0 = Release|x86
		{7FAD6552-86B3-4FB8-966B-2769AD088A64}.AppStore|x86.ActiveCfg = Release|x86
		{7FAD6552-86B3-4FB8-966B-2769AD088A64}.AppStore|x86.Build.0 = Release|x86
		{7FAD6552-86B3-4FB8-966B-2769AD088A64}.AppStore|x86.Deploy.0 = Release|x86
		{7FAD6552-86B3-4FB8-966B-2769AD088A64}.Debug|Any CPU.ActiveCfg = Debug|Any CPU
		{7FAD6552-86B3-4FB8-966B-2769AD088A64}.Debug|Any CPU.Build.0 = Debug|Any CPU
		{7FAD6552-86B3-4FB8-966B-2769AD088A64}.Debug|Any CPU.Deploy.0 = Debug|Any CPU
		{7FAD6552-86B3-4FB8-966B-2769AD088A64}.Debug|ARM.ActiveCfg = Debug|ARM
		{7FAD6552-86B3-4FB8-966B-2769AD088A64}.Debug|ARM.Build.0 = Debug|ARM
		{7FAD6552-86B3-4FB8-966B-2769AD088A64}.Debug|ARM.Deploy.0 = Debug|ARM
		{7FAD6552-86B3-4FB8-966B-2769AD088A64}.Debug|iPhone.ActiveCfg = Debug|Any CPU
		{7FAD6552-86B3-4FB8-966B-2769AD088A64}.Debug|iPhoneSimulator.ActiveCfg = Debug|Any CPU
		{7FAD6552-86B3-4FB8-966B-2769AD088A64}.Debug|Mixed Platforms.ActiveCfg = Debug|x86
		{7FAD6552-86B3-4FB8-966B-2769AD088A64}.Debug|Mixed Platforms.Build.0 = Debug|x86
		{7FAD6552-86B3-4FB8-966B-2769AD088A64}.Debug|Mixed Platforms.Deploy.0 = Debug|x86
		{7FAD6552-86B3-4FB8-966B-2769AD088A64}.Debug|x86.ActiveCfg = Debug|x86
		{7FAD6552-86B3-4FB8-966B-2769AD088A64}.Debug|x86.Build.0 = Debug|x86
		{7FAD6552-86B3-4FB8-966B-2769AD088A64}.Debug|x86.Deploy.0 = Debug|x86
		{7FAD6552-86B3-4FB8-966B-2769AD088A64}.Release|Any CPU.ActiveCfg = Release|Any CPU
		{7FAD6552-86B3-4FB8-966B-2769AD088A64}.Release|Any CPU.Build.0 = Release|Any CPU
		{7FAD6552-86B3-4FB8-966B-2769AD088A64}.Release|Any CPU.Deploy.0 = Release|Any CPU
		{7FAD6552-86B3-4FB8-966B-2769AD088A64}.Release|ARM.ActiveCfg = Release|ARM
		{7FAD6552-86B3-4FB8-966B-2769AD088A64}.Release|ARM.Build.0 = Release|ARM
		{7FAD6552-86B3-4FB8-966B-2769AD088A64}.Release|ARM.Deploy.0 = Release|ARM
		{7FAD6552-86B3-4FB8-966B-2769AD088A64}.Release|iPhone.ActiveCfg = Release|Any CPU
		{7FAD6552-86B3-4FB8-966B-2769AD088A64}.Release|iPhoneSimulator.ActiveCfg = Release|Any CPU
		{7FAD6552-86B3-4FB8-966B-2769AD088A64}.Release|Mixed Platforms.ActiveCfg = Release|x86
		{7FAD6552-86B3-4FB8-966B-2769AD088A64}.Release|Mixed Platforms.Build.0 = Release|x86
		{7FAD6552-86B3-4FB8-966B-2769AD088A64}.Release|Mixed Platforms.Deploy.0 = Release|x86
		{7FAD6552-86B3-4FB8-966B-2769AD088A64}.Release|x86.ActiveCfg = Release|x86
		{7FAD6552-86B3-4FB8-966B-2769AD088A64}.Release|x86.Build.0 = Release|x86
		{7FAD6552-86B3-4FB8-966B-2769AD088A64}.Release|x86.Deploy.0 = Release|x86
	EndGlobalSection
	GlobalSection(SolutionProperties) = preSolution
		HideSolutionNode = FALSE
	EndGlobalSection
EndGlobal
